
Microsoft Visual Studio Solution File, Format Version 12.00
Project("{2150E333-8FDC-42A3-9474-1A3956D46DE8}") = "src", "src", "{FE2C71F2-D140-4117-92D3-A57CEB7439D0}"
EndProject
Project("{FAE04EC0-301F-11D3-BF4B-00C04F79EFBC}") = "Case_1", "src\Case_1\Case_1.csproj", "{5B50218F-CFCF-4FF4-8BE2-55D88C10EB55}"
EndProject
Global
	GlobalSection(SolutionConfigurationPlatforms) = preSolution
		Debug|Any CPU = Debug|Any CPU
		Release|Any CPU = Release|Any CPU
	EndGlobalSection
	GlobalSection(NestedProjects) = preSolution
		{5B50218F-CFCF-4FF4-8BE2-55D88C10EB55} = {FE2C71F2-D140-4117-92D3-A57CEB7439D0}
	EndGlobalSection
	GlobalSection(ProjectConfigurationPlatforms) = postSolution
		{5B50218F-CFCF-4FF4-8BE2-55D88C10EB55}.Debug|Any CPU.ActiveCfg = Debug|Any CPU
		{5B50218F-CFCF-4FF4-8BE2-55D88C10EB55}.Debug|Any CPU.Build.0 = Debug|Any CPU
		{5B50218F-CFCF-4FF4-8BE2-55D88C10EB55}.Release|Any CPU.ActiveCfg = Release|Any CPU
		{5B50218F-CFCF-4FF4-8BE2-55D88C10EB55}.Release|Any CPU.Build.0 = Release|Any CPU
	EndGlobalSection
EndGlobal
